
Microsoft Visual Studio Solution File, Format Version 12.00
# Visual Studio Version 16
VisualStudioVersion = 16.0.28803.452
MinimumVisualStudioVersion = 10.0.40219.1
Project("{9A19103F-16F7-4668-BE54-9A1E7A4F7556}") = "RazorEngine.NetCore", "RazorEngine.NetCore\RazorEngine.NetCore.csproj", "{811157A5-C29E-418C-AE17-E9490F4128C8}"
EndProject
Project("{FAE04EC0-301F-11D3-BF4B-00C04F79EFBC}") = "RazorEngine.NetCore.ConsoleTest", "RazorEngine.NetCore.ConsoleTest\RazorEngine.NetCore.ConsoleTest.csproj", "{3B05FDFB-A3CA-4E3C-95CC-A9F3C99FCD8A}"
EndProject
Global
	GlobalSection(SolutionConfigurationPlatforms) = preSolution
		Debug|Any CPU = Debug|Any CPU
		Release|Any CPU = Release|Any CPU
	EndGlobalSection
	GlobalSection(ProjectConfigurationPlatforms) = postSolution
		{811157A5-C29E-418C-AE17-E9490F4128C8}.Debug|Any CPU.ActiveCfg = Debug|Any CPU
		{811157A5-C29E-418C-AE17-E9490F4128C8}.Debug|Any CPU.Build.0 = Debug|Any CPU
		{811157A5-C29E-418C-AE17-E9490F4128C8}.Release|Any CPU.ActiveCfg = Release|Any CPU
		{811157A5-C29E-418C-AE17-E9490F4128C8}.Release|Any CPU.Build.0 = Release|Any CPU
		{3B05FDFB-A3CA-4E3C-95CC-A9F3C99FCD8A}.Debug|Any CPU.ActiveCfg = Debug|Any CPU
		{3B05FDFB-A3CA-4E3C-95CC-A9F3C99FCD8A}.Debug|Any CPU.Build.0 = Debug|Any CPU
		{3B05FDFB-A3CA-4E3C-95CC-A9F3C99FCD8A}.Release|Any CPU.ActiveCfg = Release|Any CPU
		{3B05FDFB-A3CA-4E3C-95CC-A9F3C99FCD8A}.Release|Any CPU.Build.0 = Release|Any CPU
	EndGlobalSection
	GlobalSection(SolutionProperties) = preSolution
		HideSolutionNode = FALSE
	EndGlobalSection
	GlobalSection(ExtensibilityGlobals) = postSolution
		SolutionGuid = {9A0EEF1E-24FE-4314-9B6B-873204BD4C9B}
	EndGlobalSection
EndGlobal
